# This file was autogenerated by Stack.
# You should not edit this file by hand.
# For more information, please see the documentation at:
#   https://docs.haskellstack.org/en/stable/lock_files

packages: []
snapshots:
- completed:
    sha256: 85bf504fcb92d97d8872737564e85ce2408a37f6a5f5e38db6403bc86e458376
    size: 712411
    url: https://raw.githubusercontent.com/commercialhaskell/stackage-snapshots/master/nightly/2025/12/1.yaml
  original: nightly-2025-12-01
